{
  "name": "xvt",
  "version": "1.0.32",
  "lockfileVersion": 1,
  "requires": true,
  "dependencies": {
    "@types/node": {
      "version": "10.14.4",
      "resolved": "https://registry.npmjs.org/@types/node/-/node-10.14.4.tgz",
      "integrity": "sha512-DT25xX/YgyPKiHFOpNuANIQIVvYEwCWXgK2jYYwqgaMrYE6+tq+DtmMwlD3drl6DJbUwtlIDnn0d7tIn/EbXBg==",
      "dev": true
    },
    "class-validator": {
      "version": "0.9.1",
      "resolved": "https://registry.npmjs.org/class-validator/-/class-validator-0.9.1.tgz",
      "integrity": "sha512-3wApflrd3ywVZyx4jaasGoFt8pmo4aGLPPAEKCKCsTRWVGPilahD88q3jQjRQwja50rl9a7rsP5LAxJYwGK8/Q==",
      "requires": {
        "google-libphonenumber": "^3.1.6",
        "validator": "10.4.0"
      }
    },
    "google-libphonenumber": {
      "version": "3.1.15",
      "resolved": "https://registry.npmjs.org/google-libphonenumber/-/google-libphonenumber-3.1.15.tgz",
      "integrity": "sha512-KmGOCMoeSMlXauNgBNmscpygZkqu9W4brL1JfEo+dvbCYXIfLUZVPS4MXGlE5BuLE+HBEPwSX4LEyu1PwgKWvw=="
    },
    "repeat-string": {
      "version": "1.6.1",
      "resolved": "https://registry.npmjs.org/repeat-string/-/repeat-string-1.6.1.tgz",
      "integrity": "sha1-jcrkcOHIirwtYA//Sndihtp15jc="
    },
    "romanize": {
      "version": "1.1.1",
      "resolved": "https://registry.npmjs.org/romanize/-/romanize-1.1.1.tgz",
      "integrity": "sha1-yVb6E4dkHINycDB3oAmc0bfXDBw=",
      "requires": {
        "repeat-string": "^1.6.1"
      }
    },
    "validator": {
      "version": "10.4.0",
      "resolved": "https://registry.npmjs.org/validator/-/validator-10.4.0.tgz",
      "integrity": "sha512-Q/wBy3LB1uOyssgNlXSRmaf22NxjvDNZM2MtIQ4jaEOAB61xsh1TQxsq1CgzUMBV1lDrVMogIh8GjG1DYW0zLg=="
    }
  }
}
