{
  "name": "xvt",
  "version": "1.0.15",
  "lockfileVersion": 1,
  "requires": true,
  "dependencies": {
    "@types/node": {
      "version": "7.0.46",
      "resolved": "https://registry.npmjs.org/@types/node/-/node-7.0.46.tgz",
      "integrity": "sha512-u+JAi1KtmaUoU/EHJkxoiuvzyo91FCE41Z9TZWWcOUU3P8oUdlDLdrGzCGWySPgbRMD17B0B+1aaJLYI9egQ6A==",
      "dev": true
    },
    "class-validator": {
      "version": "https://registry.npmjs.org/class-validator/-/class-validator-0.6.8.tgz",
      "integrity": "sha1-rzT6EPmey4ZnnSkdc++Adtmri5U=",
      "requires": {
        "validator": "https://registry.npmjs.org/validator/-/validator-6.2.1.tgz"
      }
    },
    "validator": {
      "version": "https://registry.npmjs.org/validator/-/validator-6.2.1.tgz",
      "integrity": "sha1-vFdbeNFb6y4zimZbqVMMf0Ce9mc="
    }
  }
}
