{
  "name": "xvt",
  "version": "1.0.26",
  "lockfileVersion": 1,
  "requires": true,
  "dependencies": {
    "@types/node": {
      "version": "8.10.38",
      "resolved": "https://registry.npmjs.org/@types/node/-/node-8.10.38.tgz",
      "integrity": "sha512-EibsnbJerd0hBFaDjJStFrVbVBAtOy4dgL8zZFw0uOvPqzBAX59Ci8cgjg3+RgJIWhsB5A4c+pi+D4P9tQQh/A==",
      "dev": true
    },
    "class-validator": {
      "version": "0.9.1",
      "resolved": "https://registry.npmjs.org/class-validator/-/class-validator-0.9.1.tgz",
      "integrity": "sha512-3wApflrd3ywVZyx4jaasGoFt8pmo4aGLPPAEKCKCsTRWVGPilahD88q3jQjRQwja50rl9a7rsP5LAxJYwGK8/Q==",
      "requires": {
        "google-libphonenumber": "^3.1.6",
        "validator": "10.4.0"
      }
    },
    "google-libphonenumber": {
      "version": "3.1.15",
      "resolved": "https://registry.npmjs.org/google-libphonenumber/-/google-libphonenumber-3.1.15.tgz",
      "integrity": "sha512-KmGOCMoeSMlXauNgBNmscpygZkqu9W4brL1JfEo+dvbCYXIfLUZVPS4MXGlE5BuLE+HBEPwSX4LEyu1PwgKWvw=="
    },
    "validator": {
      "version": "10.4.0",
      "resolved": "https://registry.npmjs.org/validator/-/validator-10.4.0.tgz",
      "integrity": "sha512-Q/wBy3LB1uOyssgNlXSRmaf22NxjvDNZM2MtIQ4jaEOAB61xsh1TQxsq1CgzUMBV1lDrVMogIh8GjG1DYW0zLg=="
    }
  }
}
